
Microsoft Visual Studio Solution File, Format Version 12.00
# Visual Studio Version 17
VisualStudioVersion = 17.4.33103.184
MinimumVisualStudioVersion = 10.0.40219.1
Project("{9A19103F-16F7-4668-BE54-9A1E7A4F7556}") = "Compiler.CMD", "Compiler.CMD\Compiler.CMD.csproj", "{B170D236-829B-4055-91BC-673CCBEA08C1}"
EndProject
Project("{9A19103F-16F7-4668-BE54-9A1E7A4F7556}") = "Compiler.DLL", "Compiler.DLL\Compiler.DLL.csproj", "{92A86229-5DE5-459A-969D-339506A9AF97}"
EndProject
Project("{9A19103F-16F7-4668-BE54-9A1E7A4F7556}") = "Compiler.API", "Compiler.API\Compiler.API.csproj", "{6CDAA6C7-3D91-47E6-A9B0-3573BE2F06CF}"
EndProject
Project("{9A19103F-16F7-4668-BE54-9A1E7A4F7556}") = "Compiler.Business", "Compiler.Business\Compiler.Business.csproj", "{C0E05A30-522A-447C-BEAF-A9B485C73421}"
EndProject
Project("{9A19103F-16F7-4668-BE54-9A1E7A4F7556}") = "Compiler.Core", "Compiler.Core\Compiler.Core.csproj", "{872AEF69-C5BF-4EDD-B5D5-B5DE04D3133E}"
EndProject
Project("{9A19103F-16F7-4668-BE54-9A1E7A4F7556}") = "Compiler.Models", "Compiler.Models\Compiler.Models.csproj", "{81247B19-8F5D-4BF3-B023-E64D012DF8D4}"
EndProject
Project("{00D1A9C2-B5F0-4AF3-8072-F6C62B433612}") = "Compiler.DB", "Compiler.DB\Compiler.DB.sqlproj", "{4AEAA03D-AA7A-43D3-960B-A082E8E9B5C8}"
EndProject
Global
	GlobalSection(SolutionConfigurationPlatforms) = preSolution
		Debug|Any CPU = Debug|Any CPU
		Release|Any CPU = Release|Any CPU
	EndGlobalSection
	GlobalSection(ProjectConfigurationPlatforms) = postSolution
		{B170D236-829B-4055-91BC-673CCBEA08C1}.Debug|Any CPU.ActiveCfg = Debug|Any CPU
		{B170D236-829B-4055-91BC-673CCBEA08C1}.Debug|Any CPU.Build.0 = Debug|Any CPU
		{B170D236-829B-4055-91BC-673CCBEA08C1}.Release|Any CPU.ActiveCfg = Release|Any CPU
		{B170D236-829B-4055-91BC-673CCBEA08C1}.Release|Any CPU.Build.0 = Release|Any CPU
		{92A86229-5DE5-459A-969D-339506A9AF97}.Debug|Any CPU.ActiveCfg = Debug|Any CPU
		{92A86229-5DE5-459A-969D-339506A9AF97}.Debug|Any CPU.Build.0 = Debug|Any CPU
		{92A86229-5DE5-459A-969D-339506A9AF97}.Release|Any CPU.ActiveCfg = Release|Any CPU
		{92A86229-5DE5-459A-969D-339506A9AF97}.Release|Any CPU.Build.0 = Release|Any CPU
		{6CDAA6C7-3D91-47E6-A9B0-3573BE2F06CF}.Debug|Any CPU.ActiveCfg = Debug|Any CPU
		{6CDAA6C7-3D91-47E6-A9B0-3573BE2F06CF}.Debug|Any CPU.Build.0 = Debug|Any CPU
		{6CDAA6C7-3D91-47E6-A9B0-3573BE2F06CF}.Release|Any CPU.ActiveCfg = Release|Any CPU
		{6CDAA6C7-3D91-47E6-A9B0-3573BE2F06CF}.Release|Any CPU.Build.0 = Release|Any CPU
		{C0E05A30-522A-447C-BEAF-A9B485C73421}.Debug|Any CPU.ActiveCfg = Debug|Any CPU
		{C0E05A30-522A-447C-BEAF-A9B485C73421}.Debug|Any CPU.Build.0 = Debug|Any CPU
		{C0E05A30-522A-447C-BEAF-A9B485C73421}.Release|Any CPU.ActiveCfg = Release|Any CPU
		{C0E05A30-522A-447C-BEAF-A9B485C73421}.Release|Any CPU.Build.0 = Release|Any CPU
		{872AEF69-C5BF-4EDD-B5D5-B5DE04D3133E}.Debug|Any CPU.ActiveCfg = Debug|Any CPU
		{872AEF69-C5BF-4EDD-B5D5-B5DE04D3133E}.Debug|Any CPU.Build.0 = Debug|Any CPU
		{872AEF69-C5BF-4EDD-B5D5-B5DE04D3133E}.Release|Any CPU.ActiveCfg = Release|Any CPU
		{872AEF69-C5BF-4EDD-B5D5-B5DE04D3133E}.Release|Any CPU.Build.0 = Release|Any CPU
		{81247B19-8F5D-4BF3-B023-E64D012DF8D4}.Debug|Any CPU.ActiveCfg = Debug|Any CPU
		{81247B19-8F5D-4BF3-B023-E64D012DF8D4}.Debug|Any CPU.Build.0 = Debug|Any CPU
		{81247B19-8F5D-4BF3-B023-E64D012DF8D4}.Release|Any CPU.ActiveCfg = Release|Any CPU
		{81247B19-8F5D-4BF3-B023-E64D012DF8D4}.Release|Any CPU.Build.0 = Release|Any CPU
		{4AEAA03D-AA7A-43D3-960B-A082E8E9B5C8}.Debug|Any CPU.ActiveCfg = Debug|Any CPU
		{4AEAA03D-AA7A-43D3-960B-A082E8E9B5C8}.Debug|Any CPU.Build.0 = Debug|Any CPU
		{4AEAA03D-AA7A-43D3-960B-A082E8E9B5C8}.Debug|Any CPU.Deploy.0 = Debug|Any CPU
		{4AEAA03D-AA7A-43D3-960B-A082E8E9B5C8}.Release|Any CPU.ActiveCfg = Release|Any CPU
		{4AEAA03D-AA7A-43D3-960B-A082E8E9B5C8}.Release|Any CPU.Build.0 = Release|Any CPU
		{4AEAA03D-AA7A-43D3-960B-A082E8E9B5C8}.Release|Any CPU.Deploy.0 = Release|Any CPU
	EndGlobalSection
	GlobalSection(SolutionProperties) = preSolution
		HideSolutionNode = FALSE
	EndGlobalSection
	GlobalSection(ExtensibilityGlobals) = postSolution
		SolutionGuid = {8F123F01-8D68-437A-B9A1-B729E2525457}
	EndGlobalSection
EndGlobal
